
Microsoft Visual Studio Solution File, Format Version 12.00
# Visual Studio 15
VisualStudioVersion = 15.0.28307.329
MinimumVisualStudioVersion = 10.0.40219.1
Project("{FAE04EC0-301F-11D3-BF4B-00C04F79EFBC}") = "LoanUnionAPI", "LoanUnionAPI\LoanUnionAPI.csproj", "{22023C18-9DB5-4232-9E9B-6624B2CFB92C}"
EndProject
Global
	GlobalSection(SolutionConfigurationPlatforms) = preSolution
		Debug|Any CPU = Debug|Any CPU
		Release|Any CPU = Release|Any CPU
	EndGlobalSection
	GlobalSection(ProjectConfigurationPlatforms) = postSolution
		{22023C18-9DB5-4232-9E9B-6624B2CFB92C}.Debug|Any CPU.ActiveCfg = Debug|Any CPU
		{22023C18-9DB5-4232-9E9B-6624B2CFB92C}.Debug|Any CPU.Build.0 = Debug|Any CPU
		{22023C18-9DB5-4232-9E9B-6624B2CFB92C}.Release|Any CPU.ActiveCfg = Release|Any CPU
		{22023C18-9DB5-4232-9E9B-6624B2CFB92C}.Release|Any CPU.Build.0 = Release|Any CPU
	EndGlobalSection
	GlobalSection(SolutionProperties) = preSolution
		HideSolutionNode = FALSE
	EndGlobalSection
	GlobalSection(ExtensibilityGlobals) = postSolution
		SolutionGuid = {29F76EAB-CACB-4017-81BF-B8B08BBF7C44}
	EndGlobalSection
EndGlobal
